
Microsoft Visual Studio Solution File, Format Version 12.00
# Visual Studio Version 16
VisualStudioVersion = 16.0.29306.81
MinimumVisualStudioVersion = 10.0.40219.1
Project("{FAE04EC0-301F-11D3-BF4B-00C04F79EFBC}") = "ExperienceLevel", "ExperienceLevel\ExperienceLevel.csproj", "{EE450D9D-4C38-47EF-B1EA-5B6CC1A3499C}"
EndProject
Project("{FAE04EC0-301F-11D3-BF4B-00C04F79EFBC}") = "ExperienceLevelTests", "ExperienceLevelTests\ExperienceLevelTests.csproj", "{A1BE05C4-9057-42F7-BCF7-FFA84DFE801D}"
EndProject
Global
	GlobalSection(SolutionConfigurationPlatforms) = preSolution
		Debug|Any CPU = Debug|Any CPU
		Release|Any CPU = Release|Any CPU
	EndGlobalSection
	GlobalSection(ProjectConfigurationPlatforms) = postSolution
		{EE450D9D-4C38-47EF-B1EA-5B6CC1A3499C}.Debug|Any CPU.ActiveCfg = Debug|Any CPU
		{EE450D9D-4C38-47EF-B1EA-5B6CC1A3499C}.Debug|Any CPU.Build.0 = Debug|Any CPU
		{EE450D9D-4C38-47EF-B1EA-5B6CC1A3499C}.Release|Any CPU.ActiveCfg = Release|Any CPU
		{EE450D9D-4C38-47EF-B1EA-5B6CC1A3499C}.Release|Any CPU.Build.0 = Release|Any CPU
		{A1BE05C4-9057-42F7-BCF7-FFA84DFE801D}.Debug|Any CPU.ActiveCfg = Debug|Any CPU
		{A1BE05C4-9057-42F7-BCF7-FFA84DFE801D}.Debug|Any CPU.Build.0 = Debug|Any CPU
		{A1BE05C4-9057-42F7-BCF7-FFA84DFE801D}.Release|Any CPU.ActiveCfg = Release|Any CPU
		{A1BE05C4-9057-42F7-BCF7-FFA84DFE801D}.Release|Any CPU.Build.0 = Release|Any CPU
	EndGlobalSection
	GlobalSection(SolutionProperties) = preSolution
		HideSolutionNode = FALSE
	EndGlobalSection
	GlobalSection(ExtensibilityGlobals) = postSolution
		SolutionGuid = {6ABB02EC-D409-408C-BC57-241CC9870D11}
	EndGlobalSection
EndGlobal
